{
  "schema_version": 1,
  "archetype": "global:pair@1",
  "coterie_version": "^0.1.0",
  "providers": {
    "codex": {
      "builder": {
        "mode": "job",
        "permission_profile": {
          "filesystem": "workspace-write",
          "network": "deny",
          "approvals": "never"
        }
      },
      "coordinator": {
        "mode": "interactive",
        "permission_profile": {
          "filesystem": "project-write",
          "network": "provider-default",
          "approvals": "interactive"
        }
      }
    }
  },
  "fingerprint": "eeb2108b14768a526ad143c304e1b5710555307f3509661259bc92eabaaff416"
}
